
Microsoft Visual Studio Solution File, Format Version 12.00
# Visual Studio Version 16
VisualStudioVersion = 16.0.30711.63
MinimumVisualStudioVersion = 10.0.40219.1
Project("{FAE04EC0-301F-11D3-BF4B-00C04F79EFBC}") = "FoosShopManagement-WinForm", "employee-management-asp-winform\FoosShopManagement-WinForm.csproj", "{6C6014FC-F319-4AED-97F5-BEE4EB515BCA}"
EndProject
Global
	GlobalSection(SolutionConfigurationPlatforms) = preSolution
		Debug|Any CPU = Debug|Any CPU
		Release|Any CPU = Release|Any CPU
	EndGlobalSection
	GlobalSection(ProjectConfigurationPlatforms) = postSolution
		{6C6014FC-F319-4AED-97F5-BEE4EB515BCA}.Debug|Any CPU.ActiveCfg = Debug|Any CPU
		{6C6014FC-F319-4AED-97F5-BEE4EB515BCA}.Debug|Any CPU.Build.0 = Debug|Any CPU
		{6C6014FC-F319-4AED-97F5-BEE4EB515BCA}.Release|Any CPU.ActiveCfg = Release|Any CPU
		{6C6014FC-F319-4AED-97F5-BEE4EB515BCA}.Release|Any CPU.Build.0 = Release|Any CPU
	EndGlobalSection
	GlobalSection(SolutionProperties) = preSolution
		HideSolutionNode = FALSE
	EndGlobalSection
	GlobalSection(ExtensibilityGlobals) = postSolution
		SolutionGuid = {A6325493-A498-4A82-B04B-C228FD5FE2FB}
	EndGlobalSection
EndGlobal
