
Microsoft Visual Studio Solution File, Format Version 12.00
# Visual Studio Version 16
VisualStudioVersion = 16.0.30804.86
MinimumVisualStudioVersion = 10.0.40219.1
Project("{FAE04EC0-301F-11D3-BF4B-00C04F79EFBC}") = "FoodShop", "FoodShop\FoodShop.csproj", "{B83686F4-0A89-4C5A-8DC6-5A5DFC4A8224}"
EndProject
Global
	GlobalSection(SolutionConfigurationPlatforms) = preSolution
		Debug|Any CPU = Debug|Any CPU
		Release|Any CPU = Release|Any CPU
	EndGlobalSection
	GlobalSection(ProjectConfigurationPlatforms) = postSolution
		{B83686F4-0A89-4C5A-8DC6-5A5DFC4A8224}.Debug|Any CPU.ActiveCfg = Debug|Any CPU
		{B83686F4-0A89-4C5A-8DC6-5A5DFC4A8224}.Debug|Any CPU.Build.0 = Debug|Any CPU
		{B83686F4-0A89-4C5A-8DC6-5A5DFC4A8224}.Release|Any CPU.ActiveCfg = Release|Any CPU
		{B83686F4-0A89-4C5A-8DC6-5A5DFC4A8224}.Release|Any CPU.Build.0 = Release|Any CPU
	EndGlobalSection
	GlobalSection(SolutionProperties) = preSolution
		HideSolutionNode = FALSE
	EndGlobalSection
	GlobalSection(ExtensibilityGlobals) = postSolution
		SolutionGuid = {2D8FDA46-A739-4BD4-B575-D54D82F6A62B}
	EndGlobalSection
EndGlobal
